
Microsoft Visual Studio Solution File, Format Version 12.00
# Visual Studio Version 17
VisualStudioVersion = 17.8.34511.84
MinimumVisualStudioVersion = 10.0.40219.1
Project("{FAE04EC0-301F-11D3-BF4B-00C04F79EFBC}") = "CarGame", "CarGame.csproj", "{08802B0B-83B8-480F-B005-B10562CE57D9}"
EndProject
Global
	GlobalSection(SolutionConfigurationPlatforms) = preSolution
		Debug|Any CPU = Debug|Any CPU
		Release|Any CPU = Release|Any CPU
	EndGlobalSection
	GlobalSection(ProjectConfigurationPlatforms) = postSolution
		{08802B0B-83B8-480F-B005-B10562CE57D9}.Debug|Any CPU.ActiveCfg = Debug|Any CPU
		{08802B0B-83B8-480F-B005-B10562CE57D9}.Debug|Any CPU.Build.0 = Debug|Any CPU
		{08802B0B-83B8-480F-B005-B10562CE57D9}.Release|Any CPU.ActiveCfg = Release|Any CPU
		{08802B0B-83B8-480F-B005-B10562CE57D9}.Release|Any CPU.Build.0 = Release|Any CPU
	EndGlobalSection
	GlobalSection(SolutionProperties) = preSolution
		HideSolutionNode = FALSE
	EndGlobalSection
	GlobalSection(ExtensibilityGlobals) = postSolution
		SolutionGuid = {73043ACA-13FE-453D-89B8-63252BBA4AAC}
	EndGlobalSection
EndGlobal
